# THIS IS AN AUTOGENERATED FILE. DO NOT EDIT THIS FILE DIRECTLY.
# yarn lockfile v1


"@rainbow-me/rainbowkit-siwe-next-auth@^0.1.5":
  version "0.1.5"
  resolved "https://registry.yarnpkg.com/@rainbow-me/rainbowkit-siwe-next-auth/-/rainbowkit-siwe-next-auth-0.1.5.tgz#7fb33266781e42061d59ecc616a800becf19e561"
  integrity sha512-dbQvXcX0mcZ/7H8mx1OrBroJcY9iCdjLd89Z9iulHJsa+RT7bTfCNufw3SzRTzanBugZfyq9r+A+Q9JdYB3t2Q==
